%{
  "nimble_parsec": {:hex, :nimble_parsec, "1.2.2", "811e32fb77aabb2b5b6196b21f76fe6ba8b6861c3d8c9eaeedbbf1f4cda627d1", [:mix], [], "hexpm", "dd3504559b0ddfeb7f55297557313fc05340120a037f981a4775b1c43e61d1b9"},
  "stream_data": {:hex, :stream_data, "0.4.2", "fa86b78c88ec4eaa482c0891350fcc23f19a79059a687760ddcf8680aac2799b", [:mix], [], "hexpm", "54d6bf6f1e5e27fbf4a7784a2bffbb993446d0efd079debca0f27bf859c0d1cf"},
}
